<?xml version="1.0" encoding="utf-8"?>
<Project ToolsVersion="17.0" xmlns="http://schemas.microsoft.com/developer/msbuild/2003">
  <ItemGroup>
    <CustomBuild Include="C:\Cositas\Universi\Master\ProyectoTFM\CMakeFiles\51f7d079415673ade107ed823ba45564\INSTALL_force.rule">
      <Filter>CMake Rules</Filter>
    </CustomBuild>
  </ItemGroup>
  <ItemGroup>
    <Filter Include="CMake Rules">
      <UniqueIdentifier>{C18F156A-785A-38FA-BFA9-520CBC9A658D}</UniqueIdentifier>
    </Filter>
  </ItemGroup>
</Project>
