<?xml version="1.0" encoding="utf-8"?>
<Project ToolsVersion="17.0" xmlns="http://schemas.microsoft.com/developer/msbuild/2003">
  <ItemGroup>
    <ClCompile Include="C:\Cositas\Universi\Master\ProyectoTFM\VulkanRenderer\src\vulkanRenderer.cpp">
      <Filter>Source Files</Filter>
    </ClCompile>
    <ClCompile Include="src\Renderer\core_fpcamera.cpp">
      <Filter>Source Files</Filter>
    </ClCompile>
    <ClCompile Include="src\Renderer\VulkanRenderer.cpp">
      <Filter>Source Files</Filter>
    </ClCompile>
    <ClCompile Include="src\Renderer\VulkanApp.cpp">
      <Filter>Source Files</Filter>
    </ClCompile>
    <ClCompile Include="src\core\core.cpp">
      <Filter>Source Files</Filter>
    </ClCompile>
    <ClCompile Include="src\core\core_queue.cpp">
      <Filter>Source Files</Filter>
    </ClCompile>
    <ClCompile Include="src\core\core_rt.cpp">
      <Filter>Source Files</Filter>
    </ClCompile>
    <ClCompile Include="src\core\core_shader.cpp">
      <Filter>Source Files</Filter>
    </ClCompile>
    <ClCompile Include="src\core\core_wrapper.cpp">
      <Filter>Source Files</Filter>
    </ClCompile>
    <ClCompile Include="src\core\stb_image.cpp">
      <Filter>Source Files</Filter>
    </ClCompile>
    <ClCompile Include="src\core\utils.cpp">
      <Filter>Source Files</Filter>
    </ClCompile>
    <ClCompile Include="src\Renderer\RenderingApp.cpp">
      <Filter>Source Files</Filter>
    </ClCompile>
    <ClCompile Include="src\core\physical_device.cpp">
      <Filter>Source Files</Filter>
    </ClCompile>
  </ItemGroup>
  <ItemGroup>
    <ClInclude Include="C:\Cositas\Universi\Master\ProyectoTFM\VulkanRenderer\include\GlRenderer.h">
      <Filter>Header Files</Filter>
    </ClInclude>
    <ClInclude Include="include\core_fpcamera.h">
      <Filter>Header Files</Filter>
    </ClInclude>
    <ClInclude Include="include\core\core.h">
      <Filter>Header Files</Filter>
    </ClInclude>
    <ClInclude Include="include\core\core_queue.h">
      <Filter>Header Files</Filter>
    </ClInclude>
    <ClInclude Include="include\core\core_rt.h">
      <Filter>Header Files</Filter>
    </ClInclude>
    <ClInclude Include="include\core\core_shader.h">
      <Filter>Header Files</Filter>
    </ClInclude>
    <ClInclude Include="include\core\core_simple_mesh.h">
      <Filter>Header Files</Filter>
    </ClInclude>
    <ClInclude Include="include\core\core_utils.h">
      <Filter>Header Files</Filter>
    </ClInclude>
    <ClInclude Include="include\core\core_vertex.h">
      <Filter>Header Files</Filter>
    </ClInclude>
    <ClInclude Include="include\core\core_wrapper.h">
      <Filter>Header Files</Filter>
    </ClInclude>
    <ClInclude Include="include\core\physical_device.h">
      <Filter>Header Files</Filter>
    </ClInclude>
    <ClInclude Include="include\core\utils.h">
      <Filter>Header Files</Filter>
    </ClInclude>
    <ClInclude Include="include\Renderer\RenderingApp.h">
      <Filter>Header Files</Filter>
    </ClInclude>
  </ItemGroup>
  <ItemGroup>
    <CustomBuild Include="C:\Cositas\Universi\Master\ProyectoTFM\VulkanRenderer\CMakeLists.txt" />
  </ItemGroup>
  <ItemGroup>
    <Filter Include="Header Files">
      <UniqueIdentifier>{C562C983-B1E1-372B-B29C-1C8DC6FEFC99}</UniqueIdentifier>
    </Filter>
    <Filter Include="Source Files">
      <UniqueIdentifier>{443FED4E-A55C-337B-9083-48D06DFB1124}</UniqueIdentifier>
    </Filter>
  </ItemGroup>
</Project>