
Microsoft Visual Studio Solution File, Format Version 12.00
# Visual Studio Version 17
Project("{2150E333-8FDC-42A3-9474-1A3956D46DE8}") = "CMakePredefinedTargets", "CMakePredefinedTargets", "{1D63C7D6-5C24-3EAD-9233-62E97D681B55}"
EndProject
Project("{2150E333-8FDC-42A3-9474-1A3956D46DE8}") = "GLFW3", "GLFW3", "{3DF28B1C-991A-392A-9966-A83B43E3DC00}"
EndProject
Project("{2150E333-8FDC-42A3-9474-1A3956D46DE8}") = "Examples", "GLFW3\Examples", "{6868446B-13CB-3071-9912-9F620D8C622D}"
EndProject
Project("{2150E333-8FDC-42A3-9474-1A3956D46DE8}") = "Tests", "GLFW3\Tests", "{0FF2EEFE-4A3D-3B9C-AF6C-DED929DF37CF}"
EndProject
Project("{8BC9CEB8-8B4A-11D0-8D11-00A0C91BC942}") = "ALL_BUILD", "ALL_BUILD.vcxproj", "{5959A35D-2F45-3474-8A48-0EDE5F2B9C20}"
	ProjectSection(ProjectDependencies) = postProject
		{81F41355-E1CA-330D-9018-96B6F7C6EF7D} = {81F41355-E1CA-330D-9018-96B6F7C6EF7D}
		{D503A29D-BB8D-307C-B422-014DF7542A28} = {D503A29D-BB8D-307C-B422-014DF7542A28}
		{DE9D672F-60C6-3529-A922-4C102C55E61C} = {DE9D672F-60C6-3529-A922-4C102C55E61C}
		{9A21E7FD-21BC-3828-AD67-951C2778D057} = {9A21E7FD-21BC-3828-AD67-951C2778D057}
		{215EBA46-7163-3988-BF87-48A99C11372B} = {215EBA46-7163-3988-BF87-48A99C11372B}
		{AF6D465F-99A9-3821-9716-A7BFB2EF911C} = {AF6D465F-99A9-3821-9716-A7BFB2EF911C}
		{4142676A-06F4-3CAA-924A-F885BF255CE1} = {4142676A-06F4-3CAA-924A-F885BF255CE1}
		{C15A8746-3764-3A8E-84B6-534F6E4C597D} = {C15A8746-3764-3A8E-84B6-534F6E4C597D}
		{1AAD4A9F-9051-39E5-B351-F139E6D96615} = {1AAD4A9F-9051-39E5-B351-F139E6D96615}
		{ECB2F75F-3C0C-3A7F-822A-D159B5FF58AD} = {ECB2F75F-3C0C-3A7F-822A-D159B5FF58AD}
		{46ED2E45-22C8-342C-8734-594F4A7E6F75} = {46ED2E45-22C8-342C-8734-594F4A7E6F75}
		{6BE16787-9677-3EA6-ADCB-10CBCB00D061} = {6BE16787-9677-3EA6-ADCB-10CBCB00D061}
		{47CE8676-E5B2-336E-B4E6-752C4F4AB120} = {47CE8676-E5B2-336E-B4E6-752C4F4AB120}
		{8D615D5C-B055-3F37-9DD9-1D7E31C2BB77} = {8D615D5C-B055-3F37-9DD9-1D7E31C2BB77}
		{E594716C-4649-30D9-AD93-4E346DDDCBAB} = {E594716C-4649-30D9-AD93-4E346DDDCBAB}
		{F975D210-F4A6-39D1-9EAE-9452CC00F452} = {F975D210-F4A6-39D1-9EAE-9452CC00F452}
		{9B9F5B8A-6CA5-37E5-8D7A-C3D05C88332D} = {9B9F5B8A-6CA5-37E5-8D7A-C3D05C88332D}
		{17EE490E-4989-3665-9EC2-196A9ABCAB3E} = {17EE490E-4989-3665-9EC2-196A9ABCAB3E}
		{1062C8CC-2388-3A64-B822-345DEC5F0A83} = {1062C8CC-2388-3A64-B822-345DEC5F0A83}
		{BCFCDBAA-F18A-3A08-A965-AB41F6A00119} = {BCFCDBAA-F18A-3A08-A965-AB41F6A00119}
		{F027AF7C-988C-32DB-AB0F-894B2011394A} = {F027AF7C-988C-32DB-AB0F-894B2011394A}
		{FAF92C9D-10C0-3174-AEAC-086F12D7CDE2} = {FAF92C9D-10C0-3174-AEAC-086F12D7CDE2}
		{008E6BE2-74E3-36BA-9B7C-AA5CFE1C9161} = {008E6BE2-74E3-36BA-9B7C-AA5CFE1C9161}
		{C2C6D92A-DBA3-3783-8D24-9ABA563E320F} = {C2C6D92A-DBA3-3783-8D24-9ABA563E320F}
		{6CB3B6B6-3983-3341-861A-A19E3A22C68B} = {6CB3B6B6-3983-3341-861A-A19E3A22C68B}
		{951A74A1-3330-3447-9A06-9C143EC5D8C8} = {951A74A1-3330-3447-9A06-9C143EC5D8C8}
		{0493D151-2822-3F95-8215-0C57858FE620} = {0493D151-2822-3F95-8215-0C57858FE620}
		{5D5A5D51-A014-3AF6-BD90-4911A7B31215} = {5D5A5D51-A014-3AF6-BD90-4911A7B31215}
		{CB4A3EBB-F762-3332-9A01-580FD88467B6} = {CB4A3EBB-F762-3332-9A01-580FD88467B6}
		{661ACAE1-C72C-3DAB-B41B-DE8324F68ABE} = {661ACAE1-C72C-3DAB-B41B-DE8324F68ABE}
		{B605A560-DE99-3A10-AABA-24CAC97074C6} = {B605A560-DE99-3A10-AABA-24CAC97074C6}
		{63D17F28-CE2C-3F83-BFC7-E7DCE0853B09} = {63D17F28-CE2C-3F83-BFC7-E7DCE0853B09}
		{3F7F44FD-BA57-3CC3-803B-A7B07932CA75} = {3F7F44FD-BA57-3CC3-803B-A7B07932CA75}
		{0DD497A1-8420-3D37-81B6-4C01784E13DC} = {0DD497A1-8420-3D37-81B6-4C01784E13DC}
		{99701536-BF3C-3A77-90FE-D0A73EC5E4DB} = {99701536-BF3C-3A77-90FE-D0A73EC5E4DB}
		{C04A6530-B220-3436-AD35-91F2A729EC2B} = {C04A6530-B220-3436-AD35-91F2A729EC2B}
	EndProjectSection
EndProject
Project("{8BC9CEB8-8B4A-11D0-8D11-00A0C91BC942}") = "CLIFrontEnd", "CLIFrontEnd\CLIFrontEnd.vcxproj", "{81F41355-E1CA-330D-9018-96B6F7C6EF7D}"
	ProjectSection(ProjectDependencies) = postProject
		{DE9D672F-60C6-3529-A922-4C102C55E61C} = {DE9D672F-60C6-3529-A922-4C102C55E61C}
		{9A21E7FD-21BC-3828-AD67-951C2778D057} = {9A21E7FD-21BC-3828-AD67-951C2778D057}
		{215EBA46-7163-3988-BF87-48A99C11372B} = {215EBA46-7163-3988-BF87-48A99C11372B}
		{AF6D465F-99A9-3821-9716-A7BFB2EF911C} = {AF6D465F-99A9-3821-9716-A7BFB2EF911C}
	EndProjectSection
EndProject
Project("{8BC9CEB8-8B4A-11D0-8D11-00A0C91BC942}") = "GLFWFrontEnd", "GLFWFrontEnd\GLFWFrontEnd.vcxproj", "{D503A29D-BB8D-307C-B422-014DF7542A28}"
	ProjectSection(ProjectDependencies) = postProject
		{DE9D672F-60C6-3529-A922-4C102C55E61C} = {DE9D672F-60C6-3529-A922-4C102C55E61C}
		{9A21E7FD-21BC-3828-AD67-951C2778D057} = {9A21E7FD-21BC-3828-AD67-951C2778D057}
		{215EBA46-7163-3988-BF87-48A99C11372B} = {215EBA46-7163-3988-BF87-48A99C11372B}
		{AF6D465F-99A9-3821-9716-A7BFB2EF911C} = {AF6D465F-99A9-3821-9716-A7BFB2EF911C}
		{8D615D5C-B055-3F37-9DD9-1D7E31C2BB77} = {8D615D5C-B055-3F37-9DD9-1D7E31C2BB77}
	EndProjectSection
EndProject
Project("{8BC9CEB8-8B4A-11D0-8D11-00A0C91BC942}") = "GLRenderer", "GLRenderer\GLRenderer.vcxproj", "{DE9D672F-60C6-3529-A922-4C102C55E61C}"
	ProjectSection(ProjectDependencies) = postProject
		{9A21E7FD-21BC-3828-AD67-951C2778D057} = {9A21E7FD-21BC-3828-AD67-951C2778D057}
		{AF6D465F-99A9-3821-9716-A7BFB2EF911C} = {AF6D465F-99A9-3821-9716-A7BFB2EF911C}
	EndProjectSection
EndProject
Project("{8BC9CEB8-8B4A-11D0-8D11-00A0C91BC942}") = "INSTALL", "INSTALL.vcxproj", "{1346A4D9-1583-3B31-BB50-1048677E13F0}"
	ProjectSection(ProjectDependencies) = postProject
		{5959A35D-2F45-3474-8A48-0EDE5F2B9C20} = {5959A35D-2F45-3474-8A48-0EDE5F2B9C20}
		{AF6D465F-99A9-3821-9716-A7BFB2EF911C} = {AF6D465F-99A9-3821-9716-A7BFB2EF911C}
	EndProjectSection
EndProject
Project("{8BC9CEB8-8B4A-11D0-8D11-00A0C91BC942}") = "Renderer", "Renderer\Renderer.vcxproj", "{9A21E7FD-21BC-3828-AD67-951C2778D057}"
	ProjectSection(ProjectDependencies) = postProject
		{AF6D465F-99A9-3821-9716-A7BFB2EF911C} = {AF6D465F-99A9-3821-9716-A7BFB2EF911C}
	EndProjectSection
EndProject
Project("{8BC9CEB8-8B4A-11D0-8D11-00A0C91BC942}") = "VulkanRenderer", "VulkanRenderer\VulkanRenderer.vcxproj", "{215EBA46-7163-3988-BF87-48A99C11372B}"
	ProjectSection(ProjectDependencies) = postProject
		{9A21E7FD-21BC-3828-AD67-951C2778D057} = {9A21E7FD-21BC-3828-AD67-951C2778D057}
		{AF6D465F-99A9-3821-9716-A7BFB2EF911C} = {AF6D465F-99A9-3821-9716-A7BFB2EF911C}
	EndProjectSection
EndProject
Project("{8BC9CEB8-8B4A-11D0-8D11-00A0C91BC942}") = "ZERO_CHECK", "ZERO_CHECK.vcxproj", "{AF6D465F-99A9-3821-9716-A7BFB2EF911C}"
	ProjectSection(ProjectDependencies) = postProject
	EndProjectSection
EndProject
Project("{8BC9CEB8-8B4A-11D0-8D11-00A0C91BC942}") = "boing", "_deps\glfw-build\examples\boing.vcxproj", "{4142676A-06F4-3CAA-924A-F885BF255CE1}"
	ProjectSection(ProjectDependencies) = postProject
		{AF6D465F-99A9-3821-9716-A7BFB2EF911C} = {AF6D465F-99A9-3821-9716-A7BFB2EF911C}
		{8D615D5C-B055-3F37-9DD9-1D7E31C2BB77} = {8D615D5C-B055-3F37-9DD9-1D7E31C2BB77}
	EndProjectSection
EndProject
Project("{8BC9CEB8-8B4A-11D0-8D11-00A0C91BC942}") = "clipboard", "_deps\glfw-build\tests\clipboard.vcxproj", "{C15A8746-3764-3A8E-84B6-534F6E4C597D}"
	ProjectSection(ProjectDependencies) = postProject
		{AF6D465F-99A9-3821-9716-A7BFB2EF911C} = {AF6D465F-99A9-3821-9716-A7BFB2EF911C}
		{8D615D5C-B055-3F37-9DD9-1D7E31C2BB77} = {8D615D5C-B055-3F37-9DD9-1D7E31C2BB77}
	EndProjectSection
EndProject
Project("{8BC9CEB8-8B4A-11D0-8D11-00A0C91BC942}") = "cursor", "_deps\glfw-build\tests\cursor.vcxproj", "{1AAD4A9F-9051-39E5-B351-F139E6D96615}"
	ProjectSection(ProjectDependencies) = postProject
		{AF6D465F-99A9-3821-9716-A7BFB2EF911C} = {AF6D465F-99A9-3821-9716-A7BFB2EF911C}
		{8D615D5C-B055-3F37-9DD9-1D7E31C2BB77} = {8D615D5C-B055-3F37-9DD9-1D7E31C2BB77}
	EndProjectSection
EndProject
Project("{8BC9CEB8-8B4A-11D0-8D11-00A0C91BC942}") = "empty", "_deps\glfw-build\tests\empty.vcxproj", "{ECB2F75F-3C0C-3A7F-822A-D159B5FF58AD}"
	ProjectSection(ProjectDependencies) = postProject
		{AF6D465F-99A9-3821-9716-A7BFB2EF911C} = {AF6D465F-99A9-3821-9716-A7BFB2EF911C}
		{8D615D5C-B055-3F37-9DD9-1D7E31C2BB77} = {8D615D5C-B055-3F37-9DD9-1D7E31C2BB77}
	EndProjectSection
EndProject
Project("{8BC9CEB8-8B4A-11D0-8D11-00A0C91BC942}") = "events", "_deps\glfw-build\tests\events.vcxproj", "{46ED2E45-22C8-342C-8734-594F4A7E6F75}"
	ProjectSection(ProjectDependencies) = postProject
		{AF6D465F-99A9-3821-9716-A7BFB2EF911C} = {AF6D465F-99A9-3821-9716-A7BFB2EF911C}
		{8D615D5C-B055-3F37-9DD9-1D7E31C2BB77} = {8D615D5C-B055-3F37-9DD9-1D7E31C2BB77}
	EndProjectSection
EndProject
Project("{8BC9CEB8-8B4A-11D0-8D11-00A0C91BC942}") = "gamma", "_deps\glfw-build\tests\gamma.vcxproj", "{6BE16787-9677-3EA6-ADCB-10CBCB00D061}"
	ProjectSection(ProjectDependencies) = postProject
		{AF6D465F-99A9-3821-9716-A7BFB2EF911C} = {AF6D465F-99A9-3821-9716-A7BFB2EF911C}
		{8D615D5C-B055-3F37-9DD9-1D7E31C2BB77} = {8D615D5C-B055-3F37-9DD9-1D7E31C2BB77}
	EndProjectSection
EndProject
Project("{8BC9CEB8-8B4A-11D0-8D11-00A0C91BC942}") = "gears", "_deps\glfw-build\examples\gears.vcxproj", "{47CE8676-E5B2-336E-B4E6-752C4F4AB120}"
	ProjectSection(ProjectDependencies) = postProject
		{AF6D465F-99A9-3821-9716-A7BFB2EF911C} = {AF6D465F-99A9-3821-9716-A7BFB2EF911C}
		{8D615D5C-B055-3F37-9DD9-1D7E31C2BB77} = {8D615D5C-B055-3F37-9DD9-1D7E31C2BB77}
	EndProjectSection
EndProject
Project("{8BC9CEB8-8B4A-11D0-8D11-00A0C91BC942}") = "glfw", "_deps\glfw-build\src\glfw.vcxproj", "{8D615D5C-B055-3F37-9DD9-1D7E31C2BB77}"
	ProjectSection(ProjectDependencies) = postProject
		{AF6D465F-99A9-3821-9716-A7BFB2EF911C} = {AF6D465F-99A9-3821-9716-A7BFB2EF911C}
	EndProjectSection
EndProject
Project("{8BC9CEB8-8B4A-11D0-8D11-00A0C91BC942}") = "glfwinfo", "_deps\glfw-build\tests\glfwinfo.vcxproj", "{E594716C-4649-30D9-AD93-4E346DDDCBAB}"
	ProjectSection(ProjectDependencies) = postProject
		{AF6D465F-99A9-3821-9716-A7BFB2EF911C} = {AF6D465F-99A9-3821-9716-A7BFB2EF911C}
		{8D615D5C-B055-3F37-9DD9-1D7E31C2BB77} = {8D615D5C-B055-3F37-9DD9-1D7E31C2BB77}
	EndProjectSection
EndProject
Project("{8BC9CEB8-8B4A-11D0-8D11-00A0C91BC942}") = "heightmap", "_deps\glfw-build\examples\heightmap.vcxproj", "{F975D210-F4A6-39D1-9EAE-9452CC00F452}"
	ProjectSection(ProjectDependencies) = postProject
		{AF6D465F-99A9-3821-9716-A7BFB2EF911C} = {AF6D465F-99A9-3821-9716-A7BFB2EF911C}
		{8D615D5C-B055-3F37-9DD9-1D7E31C2BB77} = {8D615D5C-B055-3F37-9DD9-1D7E31C2BB77}
	EndProjectSection
EndProject
Project("{8BC9CEB8-8B4A-11D0-8D11-00A0C91BC942}") = "icon", "_deps\glfw-build\tests\icon.vcxproj", "{9B9F5B8A-6CA5-37E5-8D7A-C3D05C88332D}"
	ProjectSection(ProjectDependencies) = postProject
		{AF6D465F-99A9-3821-9716-A7BFB2EF911C} = {AF6D465F-99A9-3821-9716-A7BFB2EF911C}
		{8D615D5C-B055-3F37-9DD9-1D7E31C2BB77} = {8D615D5C-B055-3F37-9DD9-1D7E31C2BB77}
	EndProjectSection
EndProject
Project("{8BC9CEB8-8B4A-11D0-8D11-00A0C91BC942}") = "iconify", "_deps\glfw-build\tests\iconify.vcxproj", "{17EE490E-4989-3665-9EC2-196A9ABCAB3E}"
	ProjectSection(ProjectDependencies) = postProject
		{AF6D465F-99A9-3821-9716-A7BFB2EF911C} = {AF6D465F-99A9-3821-9716-A7BFB2EF911C}
		{8D615D5C-B055-3F37-9DD9-1D7E31C2BB77} = {8D615D5C-B055-3F37-9DD9-1D7E31C2BB77}
	EndProjectSection
EndProject
Project("{8BC9CEB8-8B4A-11D0-8D11-00A0C91BC942}") = "inputlag", "_deps\glfw-build\tests\inputlag.vcxproj", "{1062C8CC-2388-3A64-B822-345DEC5F0A83}"
	ProjectSection(ProjectDependencies) = postProject
		{AF6D465F-99A9-3821-9716-A7BFB2EF911C} = {AF6D465F-99A9-3821-9716-A7BFB2EF911C}
		{8D615D5C-B055-3F37-9DD9-1D7E31C2BB77} = {8D615D5C-B055-3F37-9DD9-1D7E31C2BB77}
	EndProjectSection
EndProject
Project("{8BC9CEB8-8B4A-11D0-8D11-00A0C91BC942}") = "joysticks", "_deps\glfw-build\tests\joysticks.vcxproj", "{BCFCDBAA-F18A-3A08-A965-AB41F6A00119}"
	ProjectSection(ProjectDependencies) = postProject
		{AF6D465F-99A9-3821-9716-A7BFB2EF911C} = {AF6D465F-99A9-3821-9716-A7BFB2EF911C}
		{8D615D5C-B055-3F37-9DD9-1D7E31C2BB77} = {8D615D5C-B055-3F37-9DD9-1D7E31C2BB77}
	EndProjectSection
EndProject
Project("{8BC9CEB8-8B4A-11D0-8D11-00A0C91BC942}") = "monitors", "_deps\glfw-build\tests\monitors.vcxproj", "{F027AF7C-988C-32DB-AB0F-894B2011394A}"
	ProjectSection(ProjectDependencies) = postProject
		{AF6D465F-99A9-3821-9716-A7BFB2EF911C} = {AF6D465F-99A9-3821-9716-A7BFB2EF911C}
		{8D615D5C-B055-3F37-9DD9-1D7E31C2BB77} = {8D615D5C-B055-3F37-9DD9-1D7E31C2BB77}
	EndProjectSection
EndProject
Project("{8BC9CEB8-8B4A-11D0-8D11-00A0C91BC942}") = "msaa", "_deps\glfw-build\tests\msaa.vcxproj", "{FAF92C9D-10C0-3174-AEAC-086F12D7CDE2}"
	ProjectSection(ProjectDependencies) = postProject
		{AF6D465F-99A9-3821-9716-A7BFB2EF911C} = {AF6D465F-99A9-3821-9716-A7BFB2EF911C}
		{8D615D5C-B055-3F37-9DD9-1D7E31C2BB77} = {8D615D5C-B055-3F37-9DD9-1D7E31C2BB77}
	EndProjectSection
EndProject
Project("{8BC9CEB8-8B4A-11D0-8D11-00A0C91BC942}") = "offscreen", "_deps\glfw-build\examples\offscreen.vcxproj", "{008E6BE2-74E3-36BA-9B7C-AA5CFE1C9161}"
	ProjectSection(ProjectDependencies) = postProject
		{AF6D465F-99A9-3821-9716-A7BFB2EF911C} = {AF6D465F-99A9-3821-9716-A7BFB2EF911C}
		{8D615D5C-B055-3F37-9DD9-1D7E31C2BB77} = {8D615D5C-B055-3F37-9DD9-1D7E31C2BB77}
	EndProjectSection
EndProject
Project("{8BC9CEB8-8B4A-11D0-8D11-00A0C91BC942}") = "opacity", "_deps\glfw-build\tests\opacity.vcxproj", "{C2C6D92A-DBA3-3783-8D24-9ABA563E320F}"
	ProjectSection(ProjectDependencies) = postProject
		{AF6D465F-99A9-3821-9716-A7BFB2EF911C} = {AF6D465F-99A9-3821-9716-A7BFB2EF911C}
		{8D615D5C-B055-3F37-9DD9-1D7E31C2BB77} = {8D615D5C-B055-3F37-9DD9-1D7E31C2BB77}
	EndProjectSection
EndProject
Project("{8BC9CEB8-8B4A-11D0-8D11-00A0C91BC942}") = "particles", "_deps\glfw-build\examples\particles.vcxproj", "{6CB3B6B6-3983-3341-861A-A19E3A22C68B}"
	ProjectSection(ProjectDependencies) = postProject
		{AF6D465F-99A9-3821-9716-A7BFB2EF911C} = {AF6D465F-99A9-3821-9716-A7BFB2EF911C}
		{8D615D5C-B055-3F37-9DD9-1D7E31C2BB77} = {8D615D5C-B055-3F37-9DD9-1D7E31C2BB77}
	EndProjectSection
EndProject
Project("{8BC9CEB8-8B4A-11D0-8D11-00A0C91BC942}") = "reopen", "_deps\glfw-build\tests\reopen.vcxproj", "{951A74A1-3330-3447-9A06-9C143EC5D8C8}"
	ProjectSection(ProjectDependencies) = postProject
		{AF6D465F-99A9-3821-9716-A7BFB2EF911C} = {AF6D465F-99A9-3821-9716-A7BFB2EF911C}
		{8D615D5C-B055-3F37-9DD9-1D7E31C2BB77} = {8D615D5C-B055-3F37-9DD9-1D7E31C2BB77}
	EndProjectSection
EndProject
Project("{8BC9CEB8-8B4A-11D0-8D11-00A0C91BC942}") = "sharing", "_deps\glfw-build\examples\sharing.vcxproj", "{0493D151-2822-3F95-8215-0C57858FE620}"
	ProjectSection(ProjectDependencies) = postProject
		{AF6D465F-99A9-3821-9716-A7BFB2EF911C} = {AF6D465F-99A9-3821-9716-A7BFB2EF911C}
		{8D615D5C-B055-3F37-9DD9-1D7E31C2BB77} = {8D615D5C-B055-3F37-9DD9-1D7E31C2BB77}
	EndProjectSection
EndProject
Project("{8BC9CEB8-8B4A-11D0-8D11-00A0C91BC942}") = "simple", "_deps\glfw-build\examples\simple.vcxproj", "{5D5A5D51-A014-3AF6-BD90-4911A7B31215}"
	ProjectSection(ProjectDependencies) = postProject
		{AF6D465F-99A9-3821-9716-A7BFB2EF911C} = {AF6D465F-99A9-3821-9716-A7BFB2EF911C}
		{8D615D5C-B055-3F37-9DD9-1D7E31C2BB77} = {8D615D5C-B055-3F37-9DD9-1D7E31C2BB77}
	EndProjectSection
EndProject
Project("{8BC9CEB8-8B4A-11D0-8D11-00A0C91BC942}") = "splitview", "_deps\glfw-build\examples\splitview.vcxproj", "{CB4A3EBB-F762-3332-9A01-580FD88467B6}"
	ProjectSection(ProjectDependencies) = postProject
		{AF6D465F-99A9-3821-9716-A7BFB2EF911C} = {AF6D465F-99A9-3821-9716-A7BFB2EF911C}
		{8D615D5C-B055-3F37-9DD9-1D7E31C2BB77} = {8D615D5C-B055-3F37-9DD9-1D7E31C2BB77}
	EndProjectSection
EndProject
Project("{8BC9CEB8-8B4A-11D0-8D11-00A0C91BC942}") = "tearing", "_deps\glfw-build\tests\tearing.vcxproj", "{661ACAE1-C72C-3DAB-B41B-DE8324F68ABE}"
	ProjectSection(ProjectDependencies) = postProject
		{AF6D465F-99A9-3821-9716-A7BFB2EF911C} = {AF6D465F-99A9-3821-9716-A7BFB2EF911C}
		{8D615D5C-B055-3F37-9DD9-1D7E31C2BB77} = {8D615D5C-B055-3F37-9DD9-1D7E31C2BB77}
	EndProjectSection
EndProject
Project("{8BC9CEB8-8B4A-11D0-8D11-00A0C91BC942}") = "threads", "_deps\glfw-build\tests\threads.vcxproj", "{B605A560-DE99-3A10-AABA-24CAC97074C6}"
	ProjectSection(ProjectDependencies) = postProject
		{AF6D465F-99A9-3821-9716-A7BFB2EF911C} = {AF6D465F-99A9-3821-9716-A7BFB2EF911C}
		{8D615D5C-B055-3F37-9DD9-1D7E31C2BB77} = {8D615D5C-B055-3F37-9DD9-1D7E31C2BB77}
	EndProjectSection
EndProject
Project("{8BC9CEB8-8B4A-11D0-8D11-00A0C91BC942}") = "timeout", "_deps\glfw-build\tests\timeout.vcxproj", "{63D17F28-CE2C-3F83-BFC7-E7DCE0853B09}"
	ProjectSection(ProjectDependencies) = postProject
		{AF6D465F-99A9-3821-9716-A7BFB2EF911C} = {AF6D465F-99A9-3821-9716-A7BFB2EF911C}
		{8D615D5C-B055-3F37-9DD9-1D7E31C2BB77} = {8D615D5C-B055-3F37-9DD9-1D7E31C2BB77}
	EndProjectSection
EndProject
Project("{8BC9CEB8-8B4A-11D0-8D11-00A0C91BC942}") = "title", "_deps\glfw-build\tests\title.vcxproj", "{3F7F44FD-BA57-3CC3-803B-A7B07932CA75}"
	ProjectSection(ProjectDependencies) = postProject
		{AF6D465F-99A9-3821-9716-A7BFB2EF911C} = {AF6D465F-99A9-3821-9716-A7BFB2EF911C}
		{8D615D5C-B055-3F37-9DD9-1D7E31C2BB77} = {8D615D5C-B055-3F37-9DD9-1D7E31C2BB77}
	EndProjectSection
EndProject
Project("{8BC9CEB8-8B4A-11D0-8D11-00A0C91BC942}") = "triangle-vulkan", "_deps\glfw-build\tests\triangle-vulkan.vcxproj", "{0DD497A1-8420-3D37-81B6-4C01784E13DC}"
	ProjectSection(ProjectDependencies) = postProject
		{AF6D465F-99A9-3821-9716-A7BFB2EF911C} = {AF6D465F-99A9-3821-9716-A7BFB2EF911C}
		{8D615D5C-B055-3F37-9DD9-1D7E31C2BB77} = {8D615D5C-B055-3F37-9DD9-1D7E31C2BB77}
	EndProjectSection
EndProject
Project("{8BC9CEB8-8B4A-11D0-8D11-00A0C91BC942}") = "uninstall", "_deps\glfw-build\uninstall.vcxproj", "{EFDEE570-3105-3D13-AFC4-A9478BEAB804}"
	ProjectSection(ProjectDependencies) = postProject
		{AF6D465F-99A9-3821-9716-A7BFB2EF911C} = {AF6D465F-99A9-3821-9716-A7BFB2EF911C}
	EndProjectSection
EndProject
Project("{8BC9CEB8-8B4A-11D0-8D11-00A0C91BC942}") = "update_mappings", "_deps\glfw-build\src\update_mappings.vcxproj", "{144A9CA1-AAAA-3FF3-A621-3C6A0339C644}"
	ProjectSection(ProjectDependencies) = postProject
		{AF6D465F-99A9-3821-9716-A7BFB2EF911C} = {AF6D465F-99A9-3821-9716-A7BFB2EF911C}
	EndProjectSection
EndProject
Project("{8BC9CEB8-8B4A-11D0-8D11-00A0C91BC942}") = "wave", "_deps\glfw-build\examples\wave.vcxproj", "{99701536-BF3C-3A77-90FE-D0A73EC5E4DB}"
	ProjectSection(ProjectDependencies) = postProject
		{AF6D465F-99A9-3821-9716-A7BFB2EF911C} = {AF6D465F-99A9-3821-9716-A7BFB2EF911C}
		{8D615D5C-B055-3F37-9DD9-1D7E31C2BB77} = {8D615D5C-B055-3F37-9DD9-1D7E31C2BB77}
	EndProjectSection
EndProject
Project("{8BC9CEB8-8B4A-11D0-8D11-00A0C91BC942}") = "windows", "_deps\glfw-build\tests\windows.vcxproj", "{C04A6530-B220-3436-AD35-91F2A729EC2B}"
	ProjectSection(ProjectDependencies) = postProject
		{AF6D465F-99A9-3821-9716-A7BFB2EF911C} = {AF6D465F-99A9-3821-9716-A7BFB2EF911C}
		{8D615D5C-B055-3F37-9DD9-1D7E31C2BB77} = {8D615D5C-B055-3F37-9DD9-1D7E31C2BB77}
	EndProjectSection
EndProject
Global
	GlobalSection(SolutionConfigurationPlatforms) = preSolution
		Debug|x64 = Debug|x64
		Release|x64 = Release|x64
		MinSizeRel|x64 = MinSizeRel|x64
		RelWithDebInfo|x64 = RelWithDebInfo|x64
	EndGlobalSection
	GlobalSection(ProjectConfigurationPlatforms) = postSolution
		{5959A35D-2F45-3474-8A48-0EDE5F2B9C20}.Debug|x64.ActiveCfg = Debug|x64
		{5959A35D-2F45-3474-8A48-0EDE5F2B9C20}.Debug|x64.Build.0 = Debug|x64
		{5959A35D-2F45-3474-8A48-0EDE5F2B9C20}.Release|x64.ActiveCfg = Release|x64
		{5959A35D-2F45-3474-8A48-0EDE5F2B9C20}.Release|x64.Build.0 = Release|x64
		{5959A35D-2F45-3474-8A48-0EDE5F2B9C20}.MinSizeRel|x64.ActiveCfg = MinSizeRel|x64
		{5959A35D-2F45-3474-8A48-0EDE5F2B9C20}.MinSizeRel|x64.Build.0 = MinSizeRel|x64
		{5959A35D-2F45-3474-8A48-0EDE5F2B9C20}.RelWithDebInfo|x64.ActiveCfg = RelWithDebInfo|x64
		{5959A35D-2F45-3474-8A48-0EDE5F2B9C20}.RelWithDebInfo|x64.Build.0 = RelWithDebInfo|x64
		{81F41355-E1CA-330D-9018-96B6F7C6EF7D}.Debug|x64.ActiveCfg = Debug|x64
		{81F41355-E1CA-330D-9018-96B6F7C6EF7D}.Debug|x64.Build.0 = Debug|x64
		{81F41355-E1CA-330D-9018-96B6F7C6EF7D}.Release|x64.ActiveCfg = Release|x64
		{81F41355-E1CA-330D-9018-96B6F7C6EF7D}.Release|x64.Build.0 = Release|x64
		{81F41355-E1CA-330D-9018-96B6F7C6EF7D}.MinSizeRel|x64.ActiveCfg = MinSizeRel|x64
		{81F41355-E1CA-330D-9018-96B6F7C6EF7D}.MinSizeRel|x64.Build.0 = MinSizeRel|x64
		{81F41355-E1CA-330D-9018-96B6F7C6EF7D}.RelWithDebInfo|x64.ActiveCfg = RelWithDebInfo|x64
		{81F41355-E1CA-330D-9018-96B6F7C6EF7D}.RelWithDebInfo|x64.Build.0 = RelWithDebInfo|x64
		{D503A29D-BB8D-307C-B422-014DF7542A28}.Debug|x64.ActiveCfg = Debug|x64
		{D503A29D-BB8D-307C-B422-014DF7542A28}.Debug|x64.Build.0 = Debug|x64
		{D503A29D-BB8D-307C-B422-014DF7542A28}.Release|x64.ActiveCfg = Release|x64
		{D503A29D-BB8D-307C-B422-014DF7542A28}.Release|x64.Build.0 = Release|x64
		{D503A29D-BB8D-307C-B422-014DF7542A28}.MinSizeRel|x64.ActiveCfg = MinSizeRel|x64
		{D503A29D-BB8D-307C-B422-014DF7542A28}.MinSizeRel|x64.Build.0 = MinSizeRel|x64
		{D503A29D-BB8D-307C-B422-014DF7542A28}.RelWithDebInfo|x64.ActiveCfg = RelWithDebInfo|x64
		{D503A29D-BB8D-307C-B422-014DF7542A28}.RelWithDebInfo|x64.Build.0 = RelWithDebInfo|x64
		{DE9D672F-60C6-3529-A922-4C102C55E61C}.Debug|x64.ActiveCfg = Debug|x64
		{DE9D672F-60C6-3529-A922-4C102C55E61C}.Debug|x64.Build.0 = Debug|x64
		{DE9D672F-60C6-3529-A922-4C102C55E61C}.Release|x64.ActiveCfg = Release|x64
		{DE9D672F-60C6-3529-A922-4C102C55E61C}.Release|x64.Build.0 = Release|x64
		{DE9D672F-60C6-3529-A922-4C102C55E61C}.MinSizeRel|x64.ActiveCfg = MinSizeRel|x64
		{DE9D672F-60C6-3529-A922-4C102C55E61C}.MinSizeRel|x64.Build.0 = MinSizeRel|x64
		{DE9D672F-60C6-3529-A922-4C102C55E61C}.RelWithDebInfo|x64.ActiveCfg = RelWithDebInfo|x64
		{DE9D672F-60C6-3529-A922-4C102C55E61C}.RelWithDebInfo|x64.Build.0 = RelWithDebInfo|x64
		{1346A4D9-1583-3B31-BB50-1048677E13F0}.Debug|x64.ActiveCfg = Debug|x64
		{1346A4D9-1583-3B31-BB50-1048677E13F0}.Release|x64.ActiveCfg = Release|x64
		{1346A4D9-1583-3B31-BB50-1048677E13F0}.MinSizeRel|x64.ActiveCfg = MinSizeRel|x64
		{1346A4D9-1583-3B31-BB50-1048677E13F0}.RelWithDebInfo|x64.ActiveCfg = RelWithDebInfo|x64
		{9A21E7FD-21BC-3828-AD67-951C2778D057}.Debug|x64.ActiveCfg = Debug|x64
		{9A21E7FD-21BC-3828-AD67-951C2778D057}.Debug|x64.Build.0 = Debug|x64
		{9A21E7FD-21BC-3828-AD67-951C2778D057}.Release|x64.ActiveCfg = Release|x64
		{9A21E7FD-21BC-3828-AD67-951C2778D057}.Release|x64.Build.0 = Release|x64
		{9A21E7FD-21BC-3828-AD67-951C2778D057}.MinSizeRel|x64.ActiveCfg = MinSizeRel|x64
		{9A21E7FD-21BC-3828-AD67-951C2778D057}.MinSizeRel|x64.Build.0 = MinSizeRel|x64
		{9A21E7FD-21BC-3828-AD67-951C2778D057}.RelWithDebInfo|x64.ActiveCfg = RelWithDebInfo|x64
		{9A21E7FD-21BC-3828-AD67-951C2778D057}.RelWithDebInfo|x64.Build.0 = RelWithDebInfo|x64
		{215EBA46-7163-3988-BF87-48A99C11372B}.Debug|x64.ActiveCfg = Debug|x64
		{215EBA46-7163-3988-BF87-48A99C11372B}.Debug|x64.Build.0 = Debug|x64
		{215EBA46-7163-3988-BF87-48A99C11372B}.Release|x64.ActiveCfg = Release|x64
		{215EBA46-7163-3988-BF87-48A99C11372B}.Release|x64.Build.0 = Release|x64
		{215EBA46-7163-3988-BF87-48A99C11372B}.MinSizeRel|x64.ActiveCfg = MinSizeRel|x64
		{215EBA46-7163-3988-BF87-48A99C11372B}.MinSizeRel|x64.Build.0 = MinSizeRel|x64
		{215EBA46-7163-3988-BF87-48A99C11372B}.RelWithDebInfo|x64.ActiveCfg = RelWithDebInfo|x64
		{215EBA46-7163-3988-BF87-48A99C11372B}.RelWithDebInfo|x64.Build.0 = RelWithDebInfo|x64
		{AF6D465F-99A9-3821-9716-A7BFB2EF911C}.Debug|x64.ActiveCfg = Debug|x64
		{AF6D465F-99A9-3821-9716-A7BFB2EF911C}.Debug|x64.Build.0 = Debug|x64
		{AF6D465F-99A9-3821-9716-A7BFB2EF911C}.Release|x64.ActiveCfg = Release|x64
		{AF6D465F-99A9-3821-9716-A7BFB2EF911C}.Release|x64.Build.0 = Release|x64
		{AF6D465F-99A9-3821-9716-A7BFB2EF911C}.MinSizeRel|x64.ActiveCfg = MinSizeRel|x64
		{AF6D465F-99A9-3821-9716-A7BFB2EF911C}.MinSizeRel|x64.Build.0 = MinSizeRel|x64
		{AF6D465F-99A9-3821-9716-A7BFB2EF911C}.RelWithDebInfo|x64.ActiveCfg = RelWithDebInfo|x64
		{AF6D465F-99A9-3821-9716-A7BFB2EF911C}.RelWithDebInfo|x64.Build.0 = RelWithDebInfo|x64
		{4142676A-06F4-3CAA-924A-F885BF255CE1}.Debug|x64.ActiveCfg = Debug|x64
		{4142676A-06F4-3CAA-924A-F885BF255CE1}.Debug|x64.Build.0 = Debug|x64
		{4142676A-06F4-3CAA-924A-F885BF255CE1}.Release|x64.ActiveCfg = Release|x64
		{4142676A-06F4-3CAA-924A-F885BF255CE1}.Release|x64.Build.0 = Release|x64
		{4142676A-06F4-3CAA-924A-F885BF255CE1}.MinSizeRel|x64.ActiveCfg = MinSizeRel|x64
		{4142676A-06F4-3CAA-924A-F885BF255CE1}.MinSizeRel|x64.Build.0 = MinSizeRel|x64
		{4142676A-06F4-3CAA-924A-F885BF255CE1}.RelWithDebInfo|x64.ActiveCfg = RelWithDebInfo|x64
		{4142676A-06F4-3CAA-924A-F885BF255CE1}.RelWithDebInfo|x64.Build.0 = RelWithDebInfo|x64
		{C15A8746-3764-3A8E-84B6-534F6E4C597D}.Debug|x64.ActiveCfg = Debug|x64
		{C15A8746-3764-3A8E-84B6-534F6E4C597D}.Debug|x64.Build.0 = Debug|x64
		{C15A8746-3764-3A8E-84B6-534F6E4C597D}.Release|x64.ActiveCfg = Release|x64
		{C15A8746-3764-3A8E-84B6-534F6E4C597D}.Release|x64.Build.0 = Release|x64
		{C15A8746-3764-3A8E-84B6-534F6E4C597D}.MinSizeRel|x64.ActiveCfg = MinSizeRel|x64
		{C15A8746-3764-3A8E-84B6-534F6E4C597D}.MinSizeRel|x64.Build.0 = MinSizeRel|x64
		{C15A8746-3764-3A8E-84B6-534F6E4C597D}.RelWithDebInfo|x64.ActiveCfg = RelWithDebInfo|x64
		{C15A8746-3764-3A8E-84B6-534F6E4C597D}.RelWithDebInfo|x64.Build.0 = RelWithDebInfo|x64
		{1AAD4A9F-9051-39E5-B351-F139E6D96615}.Debug|x64.ActiveCfg = Debug|x64
		{1AAD4A9F-9051-39E5-B351-F139E6D96615}.Debug|x64.Build.0 = Debug|x64
		{1AAD4A9F-9051-39E5-B351-F139E6D96615}.Release|x64.ActiveCfg = Release|x64
		{1AAD4A9F-9051-39E5-B351-F139E6D96615}.Release|x64.Build.0 = Release|x64
		{1AAD4A9F-9051-39E5-B351-F139E6D96615}.MinSizeRel|x64.ActiveCfg = MinSizeRel|x64
		{1AAD4A9F-9051-39E5-B351-F139E6D96615}.MinSizeRel|x64.Build.0 = MinSizeRel|x64
		{1AAD4A9F-9051-39E5-B351-F139E6D96615}.RelWithDebInfo|x64.ActiveCfg = RelWithDebInfo|x64
		{1AAD4A9F-9051-39E5-B351-F139E6D96615}.RelWithDebInfo|x64.Build.0 = RelWithDebInfo|x64
		{ECB2F75F-3C0C-3A7F-822A-D159B5FF58AD}.Debug|x64.ActiveCfg = Debug|x64
		{ECB2F75F-3C0C-3A7F-822A-D159B5FF58AD}.Debug|x64.Build.0 = Debug|x64
		{ECB2F75F-3C0C-3A7F-822A-D159B5FF58AD}.Release|x64.ActiveCfg = Release|x64
		{ECB2F75F-3C0C-3A7F-822A-D159B5FF58AD}.Release|x64.Build.0 = Release|x64
		{ECB2F75F-3C0C-3A7F-822A-D159B5FF58AD}.MinSizeRel|x64.ActiveCfg = MinSizeRel|x64
		{ECB2F75F-3C0C-3A7F-822A-D159B5FF58AD}.MinSizeRel|x64.Build.0 = MinSizeRel|x64
		{ECB2F75F-3C0C-3A7F-822A-D159B5FF58AD}.RelWithDebInfo|x64.ActiveCfg = RelWithDebInfo|x64
		{ECB2F75F-3C0C-3A7F-822A-D159B5FF58AD}.RelWithDebInfo|x64.Build.0 = RelWithDebInfo|x64
		{46ED2E45-22C8-342C-8734-594F4A7E6F75}.Debug|x64.ActiveCfg = Debug|x64
		{46ED2E45-22C8-342C-8734-594F4A7E6F75}.Debug|x64.Build.0 = Debug|x64
		{46ED2E45-22C8-342C-8734-594F4A7E6F75}.Release|x64.ActiveCfg = Release|x64
		{46ED2E45-22C8-342C-8734-594F4A7E6F75}.Release|x64.Build.0 = Release|x64
		{46ED2E45-22C8-342C-8734-594F4A7E6F75}.MinSizeRel|x64.ActiveCfg = MinSizeRel|x64
		{46ED2E45-22C8-342C-8734-594F4A7E6F75}.MinSizeRel|x64.Build.0 = MinSizeRel|x64
		{46ED2E45-22C8-342C-8734-594F4A7E6F75}.RelWithDebInfo|x64.ActiveCfg = RelWithDebInfo|x64
		{46ED2E45-22C8-342C-8734-594F4A7E6F75}.RelWithDebInfo|x64.Build.0 = RelWithDebInfo|x64
		{6BE16787-9677-3EA6-ADCB-10CBCB00D061}.Debug|x64.ActiveCfg = Debug|x64
		{6BE16787-9677-3EA6-ADCB-10CBCB00D061}.Debug|x64.Build.0 = Debug|x64
		{6BE16787-9677-3EA6-ADCB-10CBCB00D061}.Release|x64.ActiveCfg = Release|x64
		{6BE16787-9677-3EA6-ADCB-10CBCB00D061}.Release|x64.Build.0 = Release|x64
		{6BE16787-9677-3EA6-ADCB-10CBCB00D061}.MinSizeRel|x64.ActiveCfg = MinSizeRel|x64
		{6BE16787-9677-3EA6-ADCB-10CBCB00D061}.MinSizeRel|x64.Build.0 = MinSizeRel|x64
		{6BE16787-9677-3EA6-ADCB-10CBCB00D061}.RelWithDebInfo|x64.ActiveCfg = RelWithDebInfo|x64
		{6BE16787-9677-3EA6-ADCB-10CBCB00D061}.RelWithDebInfo|x64.Build.0 = RelWithDebInfo|x64
		{47CE8676-E5B2-336E-B4E6-752C4F4AB120}.Debug|x64.ActiveCfg = Debug|x64
		{47CE8676-E5B2-336E-B4E6-752C4F4AB120}.Debug|x64.Build.0 = Debug|x64
		{47CE8676-E5B2-336E-B4E6-752C4F4AB120}.Release|x64.ActiveCfg = Release|x64
		{47CE8676-E5B2-336E-B4E6-752C4F4AB120}.Release|x64.Build.0 = Release|x64
		{47CE8676-E5B2-336E-B4E6-752C4F4AB120}.MinSizeRel|x64.ActiveCfg = MinSizeRel|x64
		{47CE8676-E5B2-336E-B4E6-752C4F4AB120}.MinSizeRel|x64.Build.0 = MinSizeRel|x64
		{47CE8676-E5B2-336E-B4E6-752C4F4AB120}.RelWithDebInfo|x64.ActiveCfg = RelWithDebInfo|x64
		{47CE8676-E5B2-336E-B4E6-752C4F4AB120}.RelWithDebInfo|x64.Build.0 = RelWithDebInfo|x64
		{8D615D5C-B055-3F37-9DD9-1D7E31C2BB77}.Debug|x64.ActiveCfg = Debug|x64
		{8D615D5C-B055-3F37-9DD9-1D7E31C2BB77}.Debug|x64.Build.0 = Debug|x64
		{8D615D5C-B055-3F37-9DD9-1D7E31C2BB77}.Release|x64.ActiveCfg = Release|x64
		{8D615D5C-B055-3F37-9DD9-1D7E31C2BB77}.Release|x64.Build.0 = Release|x64
		{8D615D5C-B055-3F37-9DD9-1D7E31C2BB77}.MinSizeRel|x64.ActiveCfg = MinSizeRel|x64
		{8D615D5C-B055-3F37-9DD9-1D7E31C2BB77}.MinSizeRel|x64.Build.0 = MinSizeRel|x64
		{8D615D5C-B055-3F37-9DD9-1D7E31C2BB77}.RelWithDebInfo|x64.ActiveCfg = RelWithDebInfo|x64
		{8D615D5C-B055-3F37-9DD9-1D7E31C2BB77}.RelWithDebInfo|x64.Build.0 = RelWithDebInfo|x64
		{E594716C-4649-30D9-AD93-4E346DDDCBAB}.Debug|x64.ActiveCfg = Debug|x64
		{E594716C-4649-30D9-AD93-4E346DDDCBAB}.Debug|x64.Build.0 = Debug|x64
		{E594716C-4649-30D9-AD93-4E346DDDCBAB}.Release|x64.ActiveCfg = Release|x64
		{E594716C-4649-30D9-AD93-4E346DDDCBAB}.Release|x64.Build.0 = Release|x64
		{E594716C-4649-30D9-AD93-4E346DDDCBAB}.MinSizeRel|x64.ActiveCfg = MinSizeRel|x64
		{E594716C-4649-30D9-AD93-4E346DDDCBAB}.MinSizeRel|x64.Build.0 = MinSizeRel|x64
		{E594716C-4649-30D9-AD93-4E346DDDCBAB}.RelWithDebInfo|x64.ActiveCfg = RelWithDebInfo|x64
		{E594716C-4649-30D9-AD93-4E346DDDCBAB}.RelWithDebInfo|x64.Build.0 = RelWithDebInfo|x64
		{F975D210-F4A6-39D1-9EAE-9452CC00F452}.Debug|x64.ActiveCfg = Debug|x64
		{F975D210-F4A6-39D1-9EAE-9452CC00F452}.Debug|x64.Build.0 = Debug|x64
		{F975D210-F4A6-39D1-9EAE-9452CC00F452}.Release|x64.ActiveCfg = Release|x64
		{F975D210-F4A6-39D1-9EAE-9452CC00F452}.Release|x64.Build.0 = Release|x64
		{F975D210-F4A6-39D1-9EAE-9452CC00F452}.MinSizeRel|x64.ActiveCfg = MinSizeRel|x64
		{F975D210-F4A6-39D1-9EAE-9452CC00F452}.MinSizeRel|x64.Build.0 = MinSizeRel|x64
		{F975D210-F4A6-39D1-9EAE-9452CC00F452}.RelWithDebInfo|x64.ActiveCfg = RelWithDebInfo|x64
		{F975D210-F4A6-39D1-9EAE-9452CC00F452}.RelWithDebInfo|x64.Build.0 = RelWithDebInfo|x64
		{9B9F5B8A-6CA5-37E5-8D7A-C3D05C88332D}.Debug|x64.ActiveCfg = Debug|x64
		{9B9F5B8A-6CA5-37E5-8D7A-C3D05C88332D}.Debug|x64.Build.0 = Debug|x64
		{9B9F5B8A-6CA5-37E5-8D7A-C3D05C88332D}.Release|x64.ActiveCfg = Release|x64
		{9B9F5B8A-6CA5-37E5-8D7A-C3D05C88332D}.Release|x64.Build.0 = Release|x64
		{9B9F5B8A-6CA5-37E5-8D7A-C3D05C88332D}.MinSizeRel|x64.ActiveCfg = MinSizeRel|x64
		{9B9F5B8A-6CA5-37E5-8D7A-C3D05C88332D}.MinSizeRel|x64.Build.0 = MinSizeRel|x64
		{9B9F5B8A-6CA5-37E5-8D7A-C3D05C88332D}.RelWithDebInfo|x64.ActiveCfg = RelWithDebInfo|x64
		{9B9F5B8A-6CA5-37E5-8D7A-C3D05C88332D}.RelWithDebInfo|x64.Build.0 = RelWithDebInfo|x64
		{17EE490E-4989-3665-9EC2-196A9ABCAB3E}.Debug|x64.ActiveCfg = Debug|x64
		{17EE490E-4989-3665-9EC2-196A9ABCAB3E}.Debug|x64.Build.0 = Debug|x64
		{17EE490E-4989-3665-9EC2-196A9ABCAB3E}.Release|x64.ActiveCfg = Release|x64
		{17EE490E-4989-3665-9EC2-196A9ABCAB3E}.Release|x64.Build.0 = Release|x64
		{17EE490E-4989-3665-9EC2-196A9ABCAB3E}.MinSizeRel|x64.ActiveCfg = MinSizeRel|x64
		{17EE490E-4989-3665-9EC2-196A9ABCAB3E}.MinSizeRel|x64.Build.0 = MinSizeRel|x64
		{17EE490E-4989-3665-9EC2-196A9ABCAB3E}.RelWithDebInfo|x64.ActiveCfg = RelWithDebInfo|x64
		{17EE490E-4989-3665-9EC2-196A9ABCAB3E}.RelWithDebInfo|x64.Build.0 = RelWithDebInfo|x64
		{1062C8CC-2388-3A64-B822-345DEC5F0A83}.Debug|x64.ActiveCfg = Debug|x64
		{1062C8CC-2388-3A64-B822-345DEC5F0A83}.Debug|x64.Build.0 = Debug|x64
		{1062C8CC-2388-3A64-B822-345DEC5F0A83}.Release|x64.ActiveCfg = Release|x64
		{1062C8CC-2388-3A64-B822-345DEC5F0A83}.Release|x64.Build.0 = Release|x64
		{1062C8CC-2388-3A64-B822-345DEC5F0A83}.MinSizeRel|x64.ActiveCfg = MinSizeRel|x64
		{1062C8CC-2388-3A64-B822-345DEC5F0A83}.MinSizeRel|x64.Build.0 = MinSizeRel|x64
		{1062C8CC-2388-3A64-B822-345DEC5F0A83}.RelWithDebInfo|x64.ActiveCfg = RelWithDebInfo|x64
		{1062C8CC-2388-3A64-B822-345DEC5F0A83}.RelWithDebInfo|x64.Build.0 = RelWithDebInfo|x64
		{BCFCDBAA-F18A-3A08-A965-AB41F6A00119}.Debug|x64.ActiveCfg = Debug|x64
		{BCFCDBAA-F18A-3A08-A965-AB41F6A00119}.Debug|x64.Build.0 = Debug|x64
		{BCFCDBAA-F18A-3A08-A965-AB41F6A00119}.Release|x64.ActiveCfg = Release|x64
		{BCFCDBAA-F18A-3A08-A965-AB41F6A00119}.Release|x64.Build.0 = Release|x64
		{BCFCDBAA-F18A-3A08-A965-AB41F6A00119}.MinSizeRel|x64.ActiveCfg = MinSizeRel|x64
		{BCFCDBAA-F18A-3A08-A965-AB41F6A00119}.MinSizeRel|x64.Build.0 = MinSizeRel|x64
		{BCFCDBAA-F18A-3A08-A965-AB41F6A00119}.RelWithDebInfo|x64.ActiveCfg = RelWithDebInfo|x64
		{BCFCDBAA-F18A-3A08-A965-AB41F6A00119}.RelWithDebInfo|x64.Build.0 = RelWithDebInfo|x64
		{F027AF7C-988C-32DB-AB0F-894B2011394A}.Debug|x64.ActiveCfg = Debug|x64
		{F027AF7C-988C-32DB-AB0F-894B2011394A}.Debug|x64.Build.0 = Debug|x64
		{F027AF7C-988C-32DB-AB0F-894B2011394A}.Release|x64.ActiveCfg = Release|x64
		{F027AF7C-988C-32DB-AB0F-894B2011394A}.Release|x64.Build.0 = Release|x64
		{F027AF7C-988C-32DB-AB0F-894B2011394A}.MinSizeRel|x64.ActiveCfg = MinSizeRel|x64
		{F027AF7C-988C-32DB-AB0F-894B2011394A}.MinSizeRel|x64.Build.0 = MinSizeRel|x64
		{F027AF7C-988C-32DB-AB0F-894B2011394A}.RelWithDebInfo|x64.ActiveCfg = RelWithDebInfo|x64
		{F027AF7C-988C-32DB-AB0F-894B2011394A}.RelWithDebInfo|x64.Build.0 = RelWithDebInfo|x64
		{FAF92C9D-10C0-3174-AEAC-086F12D7CDE2}.Debug|x64.ActiveCfg = Debug|x64
		{FAF92C9D-10C0-3174-AEAC-086F12D7CDE2}.Debug|x64.Build.0 = Debug|x64
		{FAF92C9D-10C0-3174-AEAC-086F12D7CDE2}.Release|x64.ActiveCfg = Release|x64
		{FAF92C9D-10C0-3174-AEAC-086F12D7CDE2}.Release|x64.Build.0 = Release|x64
		{FAF92C9D-10C0-3174-AEAC-086F12D7CDE2}.MinSizeRel|x64.ActiveCfg = MinSizeRel|x64
		{FAF92C9D-10C0-3174-AEAC-086F12D7CDE2}.MinSizeRel|x64.Build.0 = MinSizeRel|x64
		{FAF92C9D-10C0-3174-AEAC-086F12D7CDE2}.RelWithDebInfo|x64.ActiveCfg = RelWithDebInfo|x64
		{FAF92C9D-10C0-3174-AEAC-086F12D7CDE2}.RelWithDebInfo|x64.Build.0 = RelWithDebInfo|x64
		{008E6BE2-74E3-36BA-9B7C-AA5CFE1C9161}.Debug|x64.ActiveCfg = Debug|x64
		{008E6BE2-74E3-36BA-9B7C-AA5CFE1C9161}.Debug|x64.Build.0 = Debug|x64
		{008E6BE2-74E3-36BA-9B7C-AA5CFE1C9161}.Release|x64.ActiveCfg = Release|x64
		{008E6BE2-74E3-36BA-9B7C-AA5CFE1C9161}.Release|x64.Build.0 = Release|x64
		{008E6BE2-74E3-36BA-9B7C-AA5CFE1C9161}.MinSizeRel|x64.ActiveCfg = MinSizeRel|x64
		{008E6BE2-74E3-36BA-9B7C-AA5CFE1C9161}.MinSizeRel|x64.Build.0 = MinSizeRel|x64
		{008E6BE2-74E3-36BA-9B7C-AA5CFE1C9161}.RelWithDebInfo|x64.ActiveCfg = RelWithDebInfo|x64
		{008E6BE2-74E3-36BA-9B7C-AA5CFE1C9161}.RelWithDebInfo|x64.Build.0 = RelWithDebInfo|x64
		{C2C6D92A-DBA3-3783-8D24-9ABA563E320F}.Debug|x64.ActiveCfg = Debug|x64
		{C2C6D92A-DBA3-3783-8D24-9ABA563E320F}.Debug|x64.Build.0 = Debug|x64
		{C2C6D92A-DBA3-3783-8D24-9ABA563E320F}.Release|x64.ActiveCfg = Release|x64
		{C2C6D92A-DBA3-3783-8D24-9ABA563E320F}.Release|x64.Build.0 = Release|x64
		{C2C6D92A-DBA3-3783-8D24-9ABA563E320F}.MinSizeRel|x64.ActiveCfg = MinSizeRel|x64
		{C2C6D92A-DBA3-3783-8D24-9ABA563E320F}.MinSizeRel|x64.Build.0 = MinSizeRel|x64
		{C2C6D92A-DBA3-3783-8D24-9ABA563E320F}.RelWithDebInfo|x64.ActiveCfg = RelWithDebInfo|x64
		{C2C6D92A-DBA3-3783-8D24-9ABA563E320F}.RelWithDebInfo|x64.Build.0 = RelWithDebInfo|x64
		{6CB3B6B6-3983-3341-861A-A19E3A22C68B}.Debug|x64.ActiveCfg = Debug|x64
		{6CB3B6B6-3983-3341-861A-A19E3A22C68B}.Debug|x64.Build.0 = Debug|x64
		{6CB3B6B6-3983-3341-861A-A19E3A22C68B}.Release|x64.ActiveCfg = Release|x64
		{6CB3B6B6-3983-3341-861A-A19E3A22C68B}.Release|x64.Build.0 = Release|x64
		{6CB3B6B6-3983-3341-861A-A19E3A22C68B}.MinSizeRel|x64.ActiveCfg = MinSizeRel|x64
		{6CB3B6B6-3983-3341-861A-A19E3A22C68B}.MinSizeRel|x64.Build.0 = MinSizeRel|x64
		{6CB3B6B6-3983-3341-861A-A19E3A22C68B}.RelWithDebInfo|x64.ActiveCfg = RelWithDebInfo|x64
		{6CB3B6B6-3983-3341-861A-A19E3A22C68B}.RelWithDebInfo|x64.Build.0 = RelWithDebInfo|x64
		{951A74A1-3330-3447-9A06-9C143EC5D8C8}.Debug|x64.ActiveCfg = Debug|x64
		{951A74A1-3330-3447-9A06-9C143EC5D8C8}.Debug|x64.Build.0 = Debug|x64
		{951A74A1-3330-3447-9A06-9C143EC5D8C8}.Release|x64.ActiveCfg = Release|x64
		{951A74A1-3330-3447-9A06-9C143EC5D8C8}.Release|x64.Build.0 = Release|x64
		{951A74A1-3330-3447-9A06-9C143EC5D8C8}.MinSizeRel|x64.ActiveCfg = MinSizeRel|x64
		{951A74A1-3330-3447-9A06-9C143EC5D8C8}.MinSizeRel|x64.Build.0 = MinSizeRel|x64
		{951A74A1-3330-3447-9A06-9C143EC5D8C8}.RelWithDebInfo|x64.ActiveCfg = RelWithDebInfo|x64
		{951A74A1-3330-3447-9A06-9C143EC5D8C8}.RelWithDebInfo|x64.Build.0 = RelWithDebInfo|x64
		{0493D151-2822-3F95-8215-0C57858FE620}.Debug|x64.ActiveCfg = Debug|x64
		{0493D151-2822-3F95-8215-0C57858FE620}.Debug|x64.Build.0 = Debug|x64
		{0493D151-2822-3F95-8215-0C57858FE620}.Release|x64.ActiveCfg = Release|x64
		{0493D151-2822-3F95-8215-0C57858FE620}.Release|x64.Build.0 = Release|x64
		{0493D151-2822-3F95-8215-0C57858FE620}.MinSizeRel|x64.ActiveCfg = MinSizeRel|x64
		{0493D151-2822-3F95-8215-0C57858FE620}.MinSizeRel|x64.Build.0 = MinSizeRel|x64
		{0493D151-2822-3F95-8215-0C57858FE620}.RelWithDebInfo|x64.ActiveCfg = RelWithDebInfo|x64
		{0493D151-2822-3F95-8215-0C57858FE620}.RelWithDebInfo|x64.Build.0 = RelWithDebInfo|x64
		{5D5A5D51-A014-3AF6-BD90-4911A7B31215}.Debug|x64.ActiveCfg = Debug|x64
		{5D5A5D51-A014-3AF6-BD90-4911A7B31215}.Debug|x64.Build.0 = Debug|x64
		{5D5A5D51-A014-3AF6-BD90-4911A7B31215}.Release|x64.ActiveCfg = Release|x64
		{5D5A5D51-A014-3AF6-BD90-4911A7B31215}.Release|x64.Build.0 = Release|x64
		{5D5A5D51-A014-3AF6-BD90-4911A7B31215}.MinSizeRel|x64.ActiveCfg = MinSizeRel|x64
		{5D5A5D51-A014-3AF6-BD90-4911A7B31215}.MinSizeRel|x64.Build.0 = MinSizeRel|x64
		{5D5A5D51-A014-3AF6-BD90-4911A7B31215}.RelWithDebInfo|x64.ActiveCfg = RelWithDebInfo|x64
		{5D5A5D51-A014-3AF6-BD90-4911A7B31215}.RelWithDebInfo|x64.Build.0 = RelWithDebInfo|x64
		{CB4A3EBB-F762-3332-9A01-580FD88467B6}.Debug|x64.ActiveCfg = Debug|x64
		{CB4A3EBB-F762-3332-9A01-580FD88467B6}.Debug|x64.Build.0 = Debug|x64
		{CB4A3EBB-F762-3332-9A01-580FD88467B6}.Release|x64.ActiveCfg = Release|x64
		{CB4A3EBB-F762-3332-9A01-580FD88467B6}.Release|x64.Build.0 = Release|x64
		{CB4A3EBB-F762-3332-9A01-580FD88467B6}.MinSizeRel|x64.ActiveCfg = MinSizeRel|x64
		{CB4A3EBB-F762-3332-9A01-580FD88467B6}.MinSizeRel|x64.Build.0 = MinSizeRel|x64
		{CB4A3EBB-F762-3332-9A01-580FD88467B6}.RelWithDebInfo|x64.ActiveCfg = RelWithDebInfo|x64
		{CB4A3EBB-F762-3332-9A01-580FD88467B6}.RelWithDebInfo|x64.Build.0 = RelWithDebInfo|x64
		{661ACAE1-C72C-3DAB-B41B-DE8324F68ABE}.Debug|x64.ActiveCfg = Debug|x64
		{661ACAE1-C72C-3DAB-B41B-DE8324F68ABE}.Debug|x64.Build.0 = Debug|x64
		{661ACAE1-C72C-3DAB-B41B-DE8324F68ABE}.Release|x64.ActiveCfg = Release|x64
		{661ACAE1-C72C-3DAB-B41B-DE8324F68ABE}.Release|x64.Build.0 = Release|x64
		{661ACAE1-C72C-3DAB-B41B-DE8324F68ABE}.MinSizeRel|x64.ActiveCfg = MinSizeRel|x64
		{661ACAE1-C72C-3DAB-B41B-DE8324F68ABE}.MinSizeRel|x64.Build.0 = MinSizeRel|x64
		{661ACAE1-C72C-3DAB-B41B-DE8324F68ABE}.RelWithDebInfo|x64.ActiveCfg = RelWithDebInfo|x64
		{661ACAE1-C72C-3DAB-B41B-DE8324F68ABE}.RelWithDebInfo|x64.Build.0 = RelWithDebInfo|x64
		{B605A560-DE99-3A10-AABA-24CAC97074C6}.Debug|x64.ActiveCfg = Debug|x64
		{B605A560-DE99-3A10-AABA-24CAC97074C6}.Debug|x64.Build.0 = Debug|x64
		{B605A560-DE99-3A10-AABA-24CAC97074C6}.Release|x64.ActiveCfg = Release|x64
		{B605A560-DE99-3A10-AABA-24CAC97074C6}.Release|x64.Build.0 = Release|x64
		{B605A560-DE99-3A10-AABA-24CAC97074C6}.MinSizeRel|x64.ActiveCfg = MinSizeRel|x64
		{B605A560-DE99-3A10-AABA-24CAC97074C6}.MinSizeRel|x64.Build.0 = MinSizeRel|x64
		{B605A560-DE99-3A10-AABA-24CAC97074C6}.RelWithDebInfo|x64.ActiveCfg = RelWithDebInfo|x64
		{B605A560-DE99-3A10-AABA-24CAC97074C6}.RelWithDebInfo|x64.Build.0 = RelWithDebInfo|x64
		{63D17F28-CE2C-3F83-BFC7-E7DCE0853B09}.Debug|x64.ActiveCfg = Debug|x64
		{63D17F28-CE2C-3F83-BFC7-E7DCE0853B09}.Debug|x64.Build.0 = Debug|x64
		{63D17F28-CE2C-3F83-BFC7-E7DCE0853B09}.Release|x64.ActiveCfg = Release|x64
		{63D17F28-CE2C-3F83-BFC7-E7DCE0853B09}.Release|x64.Build.0 = Release|x64
		{63D17F28-CE2C-3F83-BFC7-E7DCE0853B09}.MinSizeRel|x64.ActiveCfg = MinSizeRel|x64
		{63D17F28-CE2C-3F83-BFC7-E7DCE0853B09}.MinSizeRel|x64.Build.0 = MinSizeRel|x64
		{63D17F28-CE2C-3F83-BFC7-E7DCE0853B09}.RelWithDebInfo|x64.ActiveCfg = RelWithDebInfo|x64
		{63D17F28-CE2C-3F83-BFC7-E7DCE0853B09}.RelWithDebInfo|x64.Build.0 = RelWithDebInfo|x64
		{3F7F44FD-BA57-3CC3-803B-A7B07932CA75}.Debug|x64.ActiveCfg = Debug|x64
		{3F7F44FD-BA57-3CC3-803B-A7B07932CA75}.Debug|x64.Build.0 = Debug|x64
		{3F7F44FD-BA57-3CC3-803B-A7B07932CA75}.Release|x64.ActiveCfg = Release|x64
		{3F7F44FD-BA57-3CC3-803B-A7B07932CA75}.Release|x64.Build.0 = Release|x64
		{3F7F44FD-BA57-3CC3-803B-A7B07932CA75}.MinSizeRel|x64.ActiveCfg = MinSizeRel|x64
		{3F7F44FD-BA57-3CC3-803B-A7B07932CA75}.MinSizeRel|x64.Build.0 = MinSizeRel|x64
		{3F7F44FD-BA57-3CC3-803B-A7B07932CA75}.RelWithDebInfo|x64.ActiveCfg = RelWithDebInfo|x64
		{3F7F44FD-BA57-3CC3-803B-A7B07932CA75}.RelWithDebInfo|x64.Build.0 = RelWithDebInfo|x64
		{0DD497A1-8420-3D37-81B6-4C01784E13DC}.Debug|x64.ActiveCfg = Debug|x64
		{0DD497A1-8420-3D37-81B6-4C01784E13DC}.Debug|x64.Build.0 = Debug|x64
		{0DD497A1-8420-3D37-81B6-4C01784E13DC}.Release|x64.ActiveCfg = Release|x64
		{0DD497A1-8420-3D37-81B6-4C01784E13DC}.Release|x64.Build.0 = Release|x64
		{0DD497A1-8420-3D37-81B6-4C01784E13DC}.MinSizeRel|x64.ActiveCfg = MinSizeRel|x64
		{0DD497A1-8420-3D37-81B6-4C01784E13DC}.MinSizeRel|x64.Build.0 = MinSizeRel|x64
		{0DD497A1-8420-3D37-81B6-4C01784E13DC}.RelWithDebInfo|x64.ActiveCfg = RelWithDebInfo|x64
		{0DD497A1-8420-3D37-81B6-4C01784E13DC}.RelWithDebInfo|x64.Build.0 = RelWithDebInfo|x64
		{EFDEE570-3105-3D13-AFC4-A9478BEAB804}.Debug|x64.ActiveCfg = Debug|x64
		{EFDEE570-3105-3D13-AFC4-A9478BEAB804}.Release|x64.ActiveCfg = Release|x64
		{EFDEE570-3105-3D13-AFC4-A9478BEAB804}.MinSizeRel|x64.ActiveCfg = MinSizeRel|x64
		{EFDEE570-3105-3D13-AFC4-A9478BEAB804}.RelWithDebInfo|x64.ActiveCfg = RelWithDebInfo|x64
		{144A9CA1-AAAA-3FF3-A621-3C6A0339C644}.Debug|x64.ActiveCfg = Debug|x64
		{144A9CA1-AAAA-3FF3-A621-3C6A0339C644}.Release|x64.ActiveCfg = Release|x64
		{144A9CA1-AAAA-3FF3-A621-3C6A0339C644}.MinSizeRel|x64.ActiveCfg = MinSizeRel|x64
		{144A9CA1-AAAA-3FF3-A621-3C6A0339C644}.RelWithDebInfo|x64.ActiveCfg = RelWithDebInfo|x64
		{99701536-BF3C-3A77-90FE-D0A73EC5E4DB}.Debug|x64.ActiveCfg = Debug|x64
		{99701536-BF3C-3A77-90FE-D0A73EC5E4DB}.Debug|x64.Build.0 = Debug|x64
		{99701536-BF3C-3A77-90FE-D0A73EC5E4DB}.Release|x64.ActiveCfg = Release|x64
		{99701536-BF3C-3A77-90FE-D0A73EC5E4DB}.Release|x64.Build.0 = Release|x64
		{99701536-BF3C-3A77-90FE-D0A73EC5E4DB}.MinSizeRel|x64.ActiveCfg = MinSizeRel|x64
		{99701536-BF3C-3A77-90FE-D0A73EC5E4DB}.MinSizeRel|x64.Build.0 = MinSizeRel|x64
		{99701536-BF3C-3A77-90FE-D0A73EC5E4DB}.RelWithDebInfo|x64.ActiveCfg = RelWithDebInfo|x64
		{99701536-BF3C-3A77-90FE-D0A73EC5E4DB}.RelWithDebInfo|x64.Build.0 = RelWithDebInfo|x64
		{C04A6530-B220-3436-AD35-91F2A729EC2B}.Debug|x64.ActiveCfg = Debug|x64
		{C04A6530-B220-3436-AD35-91F2A729EC2B}.Debug|x64.Build.0 = Debug|x64
		{C04A6530-B220-3436-AD35-91F2A729EC2B}.Release|x64.ActiveCfg = Release|x64
		{C04A6530-B220-3436-AD35-91F2A729EC2B}.Release|x64.Build.0 = Release|x64
		{C04A6530-B220-3436-AD35-91F2A729EC2B}.MinSizeRel|x64.ActiveCfg = MinSizeRel|x64
		{C04A6530-B220-3436-AD35-91F2A729EC2B}.MinSizeRel|x64.Build.0 = MinSizeRel|x64
		{C04A6530-B220-3436-AD35-91F2A729EC2B}.RelWithDebInfo|x64.ActiveCfg = RelWithDebInfo|x64
		{C04A6530-B220-3436-AD35-91F2A729EC2B}.RelWithDebInfo|x64.Build.0 = RelWithDebInfo|x64
	EndGlobalSection
	GlobalSection(NestedProjects) = preSolution
		{5959A35D-2F45-3474-8A48-0EDE5F2B9C20} = {1D63C7D6-5C24-3EAD-9233-62E97D681B55}
		{1346A4D9-1583-3B31-BB50-1048677E13F0} = {1D63C7D6-5C24-3EAD-9233-62E97D681B55}
		{AF6D465F-99A9-3821-9716-A7BFB2EF911C} = {1D63C7D6-5C24-3EAD-9233-62E97D681B55}
		{6868446B-13CB-3071-9912-9F620D8C622D} = {3DF28B1C-991A-392A-9966-A83B43E3DC00}
		{0FF2EEFE-4A3D-3B9C-AF6C-DED929DF37CF} = {3DF28B1C-991A-392A-9966-A83B43E3DC00}
		{8D615D5C-B055-3F37-9DD9-1D7E31C2BB77} = {3DF28B1C-991A-392A-9966-A83B43E3DC00}
		{EFDEE570-3105-3D13-AFC4-A9478BEAB804} = {3DF28B1C-991A-392A-9966-A83B43E3DC00}
		{144A9CA1-AAAA-3FF3-A621-3C6A0339C644} = {3DF28B1C-991A-392A-9966-A83B43E3DC00}
		{4142676A-06F4-3CAA-924A-F885BF255CE1} = {6868446B-13CB-3071-9912-9F620D8C622D}
		{47CE8676-E5B2-336E-B4E6-752C4F4AB120} = {6868446B-13CB-3071-9912-9F620D8C622D}
		{F975D210-F4A6-39D1-9EAE-9452CC00F452} = {6868446B-13CB-3071-9912-9F620D8C622D}
		{008E6BE2-74E3-36BA-9B7C-AA5CFE1C9161} = {6868446B-13CB-3071-9912-9F620D8C622D}
		{6CB3B6B6-3983-3341-861A-A19E3A22C68B} = {6868446B-13CB-3071-9912-9F620D8C622D}
		{0493D151-2822-3F95-8215-0C57858FE620} = {6868446B-13CB-3071-9912-9F620D8C622D}
		{5D5A5D51-A014-3AF6-BD90-4911A7B31215} = {6868446B-13CB-3071-9912-9F620D8C622D}
		{CB4A3EBB-F762-3332-9A01-580FD88467B6} = {6868446B-13CB-3071-9912-9F620D8C622D}
		{99701536-BF3C-3A77-90FE-D0A73EC5E4DB} = {6868446B-13CB-3071-9912-9F620D8C622D}
		{C15A8746-3764-3A8E-84B6-534F6E4C597D} = {0FF2EEFE-4A3D-3B9C-AF6C-DED929DF37CF}
		{1AAD4A9F-9051-39E5-B351-F139E6D96615} = {0FF2EEFE-4A3D-3B9C-AF6C-DED929DF37CF}
		{ECB2F75F-3C0C-3A7F-822A-D159B5FF58AD} = {0FF2EEFE-4A3D-3B9C-AF6C-DED929DF37CF}
		{46ED2E45-22C8-342C-8734-594F4A7E6F75} = {0FF2EEFE-4A3D-3B9C-AF6C-DED929DF37CF}
		{6BE16787-9677-3EA6-ADCB-10CBCB00D061} = {0FF2EEFE-4A3D-3B9C-AF6C-DED929DF37CF}
		{E594716C-4649-30D9-AD93-4E346DDDCBAB} = {0FF2EEFE-4A3D-3B9C-AF6C-DED929DF37CF}
		{9B9F5B8A-6CA5-37E5-8D7A-C3D05C88332D} = {0FF2EEFE-4A3D-3B9C-AF6C-DED929DF37CF}
		{17EE490E-4989-3665-9EC2-196A9ABCAB3E} = {0FF2EEFE-4A3D-3B9C-AF6C-DED929DF37CF}
		{1062C8CC-2388-3A64-B822-345DEC5F0A83} = {0FF2EEFE-4A3D-3B9C-AF6C-DED929DF37CF}
		{BCFCDBAA-F18A-3A08-A965-AB41F6A00119} = {0FF2EEFE-4A3D-3B9C-AF6C-DED929DF37CF}
		{F027AF7C-988C-32DB-AB0F-894B2011394A} = {0FF2EEFE-4A3D-3B9C-AF6C-DED929DF37CF}
		{FAF92C9D-10C0-3174-AEAC-086F12D7CDE2} = {0FF2EEFE-4A3D-3B9C-AF6C-DED929DF37CF}
		{C2C6D92A-DBA3-3783-8D24-9ABA563E320F} = {0FF2EEFE-4A3D-3B9C-AF6C-DED929DF37CF}
		{951A74A1-3330-3447-9A06-9C143EC5D8C8} = {0FF2EEFE-4A3D-3B9C-AF6C-DED929DF37CF}
		{661ACAE1-C72C-3DAB-B41B-DE8324F68ABE} = {0FF2EEFE-4A3D-3B9C-AF6C-DED929DF37CF}
		{B605A560-DE99-3A10-AABA-24CAC97074C6} = {0FF2EEFE-4A3D-3B9C-AF6C-DED929DF37CF}
		{63D17F28-CE2C-3F83-BFC7-E7DCE0853B09} = {0FF2EEFE-4A3D-3B9C-AF6C-DED929DF37CF}
		{3F7F44FD-BA57-3CC3-803B-A7B07932CA75} = {0FF2EEFE-4A3D-3B9C-AF6C-DED929DF37CF}
		{0DD497A1-8420-3D37-81B6-4C01784E13DC} = {0FF2EEFE-4A3D-3B9C-AF6C-DED929DF37CF}
		{C04A6530-B220-3436-AD35-91F2A729EC2B} = {0FF2EEFE-4A3D-3B9C-AF6C-DED929DF37CF}
	EndGlobalSection
	GlobalSection(ExtensibilityGlobals) = postSolution
		SolutionGuid = {254ED893-3189-305D-AEC8-5E969F09B1F4}
	EndGlobalSection
	GlobalSection(ExtensibilityAddIns) = postSolution
	EndGlobalSection
EndGlobal
