<?xml version="1.0" encoding="utf-8"?>
<Project ToolsVersion="17.0" xmlns="http://schemas.microsoft.com/developer/msbuild/2003">
  <ItemGroup>
    <ClCompile Include="C:\Cositas\Universi\Master\ProyectoTFM\Renderer\src\Renderer.cpp">
      <Filter>Source Files</Filter>
    </ClCompile>
  </ItemGroup>
  <ItemGroup>
    <ClInclude Include="C:\Cositas\Universi\Master\ProyectoTFM\Renderer\include\Renderer.h">
      <Filter>Header Files</Filter>
    </ClInclude>
  </ItemGroup>
  <ItemGroup>
    <CustomBuild Include="C:\Cositas\Universi\Master\ProyectoTFM\Renderer\CMakeLists.txt" />
  </ItemGroup>
  <ItemGroup>
    <Filter Include="Header Files">
      <UniqueIdentifier>{C562C983-B1E1-372B-B29C-1C8DC6FEFC99}</UniqueIdentifier>
    </Filter>
    <Filter Include="Source Files">
      <UniqueIdentifier>{443FED4E-A55C-337B-9083-48D06DFB1124}</UniqueIdentifier>
    </Filter>
  </ItemGroup>
</Project>
